
Microsoft Visual Studio Solution File, Format Version 12.00
# Visual Studio Version 16
VisualStudioVersion = 16.0.30225.117
MinimumVisualStudioVersion = 10.0.40219.1
Project("{FAE04EC0-301F-11D3-BF4B-00C04F79EFBC}") = "FireExit_FlightSimulation", "FireExit_FlightSimulation.csproj", "{4BC8EC63-FABD-460E-83CB-157D080D7A41}"
EndProject
Global
	GlobalSection(SolutionConfigurationPlatforms) = preSolution
		Debug|Any CPU = Debug|Any CPU
		Release|Any CPU = Release|Any CPU
	EndGlobalSection
	GlobalSection(ProjectConfigurationPlatforms) = postSolution
		{4BC8EC63-FABD-460E-83CB-157D080D7A41}.Debug|Any CPU.ActiveCfg = Debug|Any CPU
		{4BC8EC63-FABD-460E-83CB-157D080D7A41}.Debug|Any CPU.Build.0 = Debug|Any CPU
		{4BC8EC63-FABD-460E-83CB-157D080D7A41}.Release|Any CPU.ActiveCfg = Release|Any CPU
		{4BC8EC63-FABD-460E-83CB-157D080D7A41}.Release|Any CPU.Build.0 = Release|Any CPU
	EndGlobalSection
	GlobalSection(SolutionProperties) = preSolution
		HideSolutionNode = FALSE
	EndGlobalSection
	GlobalSection(ExtensibilityGlobals) = postSolution
		SolutionGuid = {4000994C-B521-4F52-AB64-528D566CFB35}
	EndGlobalSection
EndGlobal
